{
  "version": 3,
  "targets": {
    ".NETStandard,Version=v2.0": {
      "Microsoft.NETCore.Platforms/1.1.0": {
        "type": "package",
        "compile": {
          "lib/netstandard1.0/_._": {}
        },
        "runtime": {
          "lib/netstandard1.0/_._": {}
        }
      },
      "Microsoft.Windows.MixedReality.DotNetWinRT/0.5.1037": {
        "type": "package",
        "compile": {
          "lib/netstandard2.0/Microsoft.Windows.MixedReality.DotNetWinRT.dll": {}
        },
        "runtime": {
          "lib/netstandard2.0/Microsoft.Windows.MixedReality.DotNetWinRT.dll": {}
        },
        "build": {
          "build/Microsoft.Windows.MixedReality.DotNetWinRT.targets": {}
        }
      },
      "MSBuildForUnity/0.8.3": {
        "type": "package",
        "build": {
          "build/MSBuildForUnity.props": {},
          "build/MSBuildForUnity.targets": {}
        },
        "buildMultiTargeting": {
          "buildCrossTargeting/MSBuildForUnity.props": {},
          "buildCrossTargeting/MSBuildForUnity.targets": {}
        }
      },
      "NETStandard.Library/2.0.3": {
        "type": "package",
        "dependencies": {
          "Microsoft.NETCore.Platforms": "1.1.0"
        },
        "compile": {
          "lib/netstandard1.0/_._": {}
        },
        "runtime": {
          "lib/netstandard1.0/_._": {}
        },
        "build": {
          "build/netstandard2.0/NETStandard.Library.targets": {}
        }
      }
    }
  },
  "libraries": {
    "Microsoft.NETCore.Platforms/1.1.0": {
      "sha512": "kz0PEW2lhqygehI/d6XsPCQzD7ff7gUJaVGPVETX611eadGsA3A877GdSlU0LRVMCTH/+P3o2iDTak+S08V2+A==",
      "type": "package",
      "path": "microsoft.netcore.platforms/1.1.0",
      "files": [
        ".nupkg.metadata",
        ".signature.p7s",
        "ThirdPartyNotices.txt",
        "dotnet_library_license.txt",
        "lib/netstandard1.0/_._",
        "microsoft.netcore.platforms.1.1.0.nupkg.sha512",
        "microsoft.netcore.platforms.nuspec",
        "runtime.json"
      ]
    },
    "Microsoft.Windows.MixedReality.DotNetWinRT/0.5.1037": {
      "sha512": "+cYG8LVwOwkTNZ4RR1ZlvN2PVNC+CIeCqXHeIbjcrEToJ9Rfz7gY8G4BZKH5/LAiXlKfSSG9w1sGUQPCmgwwbg==",
      "type": "package",
      "path": "microsoft.windows.mixedreality.dotnetwinrt/0.5.1037",
      "files": [
        ".nupkg.metadata",
        ".signature.p7s",
        "LICENSE.txt",
        "Unity/Editor/Microsoft.Windows.MixedReality.DotNetWinRT.Editor.asmdef",
        "Unity/Editor/Microsoft.Windows.MixedReality.DotNetWinRT.Editor.asmdef.meta",
        "Unity/Editor/Microsoft.Windows.MixedReality.DotNetWinRT.Init.cs",
        "Unity/Editor/Microsoft.Windows.MixedReality.DotNetWinRT.Init.cs.meta",
        "Unity/x64/MonoSupport.dll",
        "Unity/x64/MonoSupport.dll.meta",
        "build/Microsoft.Windows.MixedReality.DotNetWinRT.targets",
        "lib/net46/Microsoft.Windows.MixedReality.DotNetWinRT.dll",
        "lib/net46/Microsoft.Windows.MixedReality.DotNetWinRT.xml",
        "lib/netstandard2.0/Microsoft.Windows.MixedReality.DotNetWinRT.dll",
        "lib/netstandard2.0/Microsoft.Windows.MixedReality.DotNetWinRT.xml",
        "lib/uap10.0.18362/Microsoft.Windows.MixedReality.DotNetWinRT.dll",
        "lib/uap10.0.18362/Microsoft.Windows.MixedReality.DotNetWinRT.xml",
        "microsoft.windows.mixedreality.dotnetwinrt.0.5.1037.nupkg.sha512",
        "microsoft.windows.mixedreality.dotnetwinrt.nuspec"
      ]
    },
    "MSBuildForUnity/0.8.3": {
      "sha512": "swyT9VFyqKMUoJhy39UZNRszOAAiN77qDZ7MjTYpTeV0jDJUcVgNtVVdPYRdHmQipAhnF+1P0MjBK1DrT1u7VQ==",
      "type": "package",
      "path": "msbuildforunity/0.8.3",
      "files": [
        ".nupkg.metadata",
        ".signature.p7s",
        "build/MSBuildForUnity.props",
        "build/MSBuildForUnity.targets",
        "buildCommon/MSBuildForUnity.dll",
        "buildCommon/Mono.Cecil.Mdb.dll",
        "buildCommon/Mono.Cecil.Pdb.dll",
        "buildCommon/Mono.Cecil.Rocks.dll",
        "buildCommon/Mono.Cecil.dll",
        "buildCommon/Newtonsoft.Json.dll",
        "buildCommon/Publish.props",
        "buildCommon/Publish.targets",
        "buildCommon/RemapSymbolSources.props",
        "buildCommon/RemapSymbolSources.targets",
        "buildCommon/UnityMetaFileGenerator.props",
        "buildCommon/UnityMetaFileGenerator.targets",
        "buildCrossTargeting/MSBuildForUnity.props",
        "buildCrossTargeting/MSBuildForUnity.targets",
        "msbuildforunity.0.8.3.nupkg.sha512",
        "msbuildforunity.nuspec"
      ]
    },
    "NETStandard.Library/2.0.3": {
      "sha512": "st47PosZSHrjECdjeIzZQbzivYBJFv6P2nv4cj2ypdI204DO+vZ7l5raGMiX4eXMJ53RfOIg+/s4DHVZ54Nu2A==",
      "type": "package",
      "path": "netstandard.library/2.0.3",
      "files": [
        ".nupkg.metadata",
        ".signature.p7s",
        "LICENSE.TXT",
        "THIRD-PARTY-NOTICES.TXT",
        "build/netstandard2.0/NETStandard.Library.targets",
        "build/netstandard2.0/ref/Microsoft.Win32.Primitives.dll",
        "build/netstandard2.0/ref/System.AppContext.dll",
        "build/netstandard2.0/ref/System.Collections.Concurrent.dll",
        "build/netstandard2.0/ref/System.Collections.NonGeneric.dll",
        "build/netstandard2.0/ref/System.Collections.Specialized.dll",
        "build/netstandard2.0/ref/System.Collections.dll",
        "build/netstandard2.0/ref/System.ComponentModel.Composition.dll",
        "build/netstandard2.0/ref/System.ComponentModel.EventBasedAsync.dll",
        "build/netstandard2.0/ref/System.ComponentModel.Primitives.dll",
        "build/netstandard2.0/ref/System.ComponentModel.TypeConverter.dll",
        "build/netstandard2.0/ref/System.ComponentModel.dll",
        "build/netstandard2.0/ref/System.Console.dll",
        "build/netstandard2.0/ref/System.Core.dll",
        "build/netstandard2.0/ref/System.Data.Common.dll",
        "build/netstandard2.0/ref/System.Data.dll",
        "build/netstandard2.0/ref/System.Diagnostics.Contracts.dll",
        "build/netstandard2.0/ref/System.Diagnostics.Debug.dll",
        "build/netstandard2.0/ref/System.Diagnostics.FileVersionInfo.dll",
        "build/netstandard2.0/ref/System.Diagnostics.Process.dll",
        "build/netstandard2.0/ref/System.Diagnostics.StackTrace.dll",
        "build/netstandard2.0/ref/System.Diagnostics.TextWriterTraceListener.dll",
        "build/netstandard2.0/ref/System.Diagnostics.Tools.dll",
        "build/netstandard2.0/ref/System.Diagnostics.TraceSource.dll",
        "build/netstandard2.0/ref/System.Diagnostics.Tracing.dll",
        "build/netstandard2.0/ref/System.Drawing.Primitives.dll",
        "build/netstandard2.0/ref/System.Drawing.dll",
        "build/netstandard2.0/ref/System.Dynamic.Runtime.dll",
        "build/netstandard2.0/ref/System.Globalization.Calendars.dll",
        "build/netstandard2.0/ref/System.Globalization.Extensions.dll",
        "build/netstandard2.0/ref/System.Globalization.dll",
        "build/netstandard2.0/ref/System.IO.Compression.FileSystem.dll",
        "build/netstandard2.0/ref/System.IO.Compression.ZipFile.dll",
        "build/netstandard2.0/ref/System.IO.Compression.dll",
        "build/netstandard2.0/ref/System.IO.FileSystem.DriveInfo.dll",
        "build/netstandard2.0/ref/System.IO.FileSystem.Primitives.dll",
        "build/netstandard2.0/ref/System.IO.FileSystem.Watcher.dll",
        "build/netstandard2.0/ref/System.IO.FileSystem.dll",
        "build/netstandard2.0/ref/System.IO.IsolatedStorage.dll",
        "build/netstandard2.0/ref/System.IO.MemoryMappedFiles.dll",
        "build/netstandard2.0/ref/System.IO.Pipes.dll",
        "build/netstandard2.0/ref/System.IO.UnmanagedMemoryStream.dll",
        "build/netstandard2.0/ref/System.IO.dll",
        "build/netstandard2.0/ref/System.Linq.Expressions.dll",
        "build/netstandard2.0/ref/System.Linq.Parallel.dll",
        "build/netstandard2.0/ref/System.Linq.Queryable.dll",
        "build/netstandard2.0/ref/System.Linq.dll",
        "build/netstandard2.0/ref/System.Net.Http.dll",
        "build/netstandard2.0/ref/System.Net.NameResolution.dll",
        "build/netstandard2.0/ref/System.Net.NetworkInformation.dll",
        "build/netstandard2.0/ref/System.Net.Ping.dll",
        "build/netstandard2.0/ref/System.Net.Primitives.dll",
        "build/netstandard2.0/ref/System.Net.Requests.dll",
        "build/netstandard2.0/ref/System.Net.Security.dll",
        "build/netstandard2.0/ref/System.Net.Sockets.dll",
        "build/netstandard2.0/ref/System.Net.WebHeaderCollection.dll",
        "build/netstandard2.0/ref/System.Net.WebSockets.Client.dll",
        "build/netstandard2.0/ref/System.Net.WebSockets.dll",
        "build/netstandard2.0/ref/System.Net.dll",
        "build/netstandard2.0/ref/System.Numerics.dll",
        "build/netstandard2.0/ref/System.ObjectModel.dll",
        "build/netstandard2.0/ref/System.Reflection.Extensions.dll",
        "build/netstandard2.0/ref/System.Reflection.Primitives.dll",
        "build/netstandard2.0/ref/System.Reflection.dll",
        "build/netstandard2.0/ref/System.Resources.Reader.dll",
        "build/netstandard2.0/ref/System.Resources.ResourceManager.dll",
        "build/netstandard2.0/ref/System.Resources.Writer.dll",
        "build/netstandard2.0/ref/System.Runtime.CompilerServices.VisualC.dll",
        "build/netstandard2.0/ref/System.Runtime.Extensions.dll",
        "build/netstandard2.0/ref/System.Runtime.Handles.dll",
        "build/netstandard2.0/ref/System.Runtime.InteropServices.RuntimeInformation.dll",
        "build/netstandard2.0/ref/System.Runtime.InteropServices.dll",
        "build/netstandard2.0/ref/System.Runtime.Numerics.dll",
        "build/netstandard2.0/ref/System.Runtime.Serialization.Formatters.dll",
        "build/netstandard2.0/ref/System.Runtime.Serialization.Json.dll",
        "build/netstandard2.0/ref/System.Runtime.Serialization.Primitives.dll",
        "build/netstandard2.0/ref/System.Runtime.Serialization.Xml.dll",
        "build/netstandard2.0/ref/System.Runtime.Serialization.dll",
        "build/netstandard2.0/ref/System.Runtime.dll",
        "build/netstandard2.0/ref/System.Security.Claims.dll",
        "build/netstandard2.0/ref/System.Security.Cryptography.Algorithms.dll",
        "build/netstandard2.0/ref/System.Security.Cryptography.Csp.dll",
        "build/netstandard2.0/ref/System.Security.Cryptography.Encoding.dll",
        "build/netstandard2.0/ref/System.Security.Cryptography.Primitives.dll",
        "build/netstandard2.0/ref/System.Security.Cryptography.X509Certificates.dll",
        "build/netstandard2.0/ref/System.Security.Principal.dll",
        "build/netstandard2.0/ref/System.Security.SecureString.dll",
        "build/netstandard2.0/ref/System.ServiceModel.Web.dll",
        "build/netstandard2.0/ref/System.Text.Encoding.Extensions.dll",
        "build/netstandard2.0/ref/System.Text.Encoding.dll",
        "build/netstandard2.0/ref/System.Text.RegularExpressions.dll",
        "build/netstandard2.0/ref/System.Threading.Overlapped.dll",
        "build/netstandard2.0/ref/System.Threading.Tasks.Parallel.dll",
        "build/netstandard2.0/ref/System.Threading.Tasks.dll",
        "build/netstandard2.0/ref/System.Threading.Thread.dll",
        "build/netstandard2.0/ref/System.Threading.ThreadPool.dll",
        "build/netstandard2.0/ref/System.Threading.Timer.dll",
        "build/netstandard2.0/ref/System.Threading.dll",
        "build/netstandard2.0/ref/System.Transactions.dll",
        "build/netstandard2.0/ref/System.ValueTuple.dll",
        "build/netstandard2.0/ref/System.Web.dll",
        "build/netstandard2.0/ref/System.Windows.dll",
        "build/netstandard2.0/ref/System.Xml.Linq.dll",
        "build/netstandard2.0/ref/System.Xml.ReaderWriter.dll",
        "build/netstandard2.0/ref/System.Xml.Serialization.dll",
        "build/netstandard2.0/ref/System.Xml.XDocument.dll",
        "build/netstandard2.0/ref/System.Xml.XPath.XDocument.dll",
        "build/netstandard2.0/ref/System.Xml.XPath.dll",
        "build/netstandard2.0/ref/System.Xml.XmlDocument.dll",
        "build/netstandard2.0/ref/System.Xml.XmlSerializer.dll",
        "build/netstandard2.0/ref/System.Xml.dll",
        "build/netstandard2.0/ref/System.dll",
        "build/netstandard2.0/ref/mscorlib.dll",
        "build/netstandard2.0/ref/netstandard.dll",
        "build/netstandard2.0/ref/netstandard.xml",
        "lib/netstandard1.0/_._",
        "netstandard.library.2.0.3.nupkg.sha512",
        "netstandard.library.nuspec"
      ]
    }
  },
  "projectFileDependencyGroups": {
    ".NETStandard,Version=v2.0": [
      "MSBuildForUnity >= 0.8.*",
      "Microsoft.Windows.MixedReality.DotNetWinRT >= 0.5.*",
      "NETStandard.Library >= 2.0.3"
    ]
  },
  "packageFolders": {
    "C:\\Users\\hirom\\.nuget\\packages\\": {},
    "C:\\Microsoft\\Xamarin\\NuGet\\": {}
  },
  "project": {
    "version": "1.0.0",
    "restore": {
      "projectUniqueName": "C:\\Users\\hirom\\Desktop\\Git\\MRTK_HKSample\\Assets\\MixedRealityToolkit.Providers\\WindowsMixedReality\\DotNetAdapter\\DotNetAdapter.csproj",
      "projectName": "DotNetAdapter",
      "projectPath": "C:\\Users\\hirom\\Desktop\\Git\\MRTK_HKSample\\Assets\\MixedRealityToolkit.Providers\\WindowsMixedReality\\DotNetAdapter\\DotNetAdapter.csproj",
      "packagesPath": "C:\\Users\\hirom\\.nuget\\packages\\",
      "outputPath": "C:\\Users\\hirom\\Desktop\\Git\\MRTK_HKSample\\Assets\\MixedRealityToolkit.Providers\\WindowsMixedReality\\DotNetAdapter\\.obj\\",
      "projectStyle": "PackageReference",
      "fallbackFolders": [
        "C:\\Microsoft\\Xamarin\\NuGet\\"
      ],
      "configFilePaths": [
        "C:\\Users\\hirom\\Desktop\\Git\\MRTK_HKSample\\Assets\\MixedRealityToolkit.Providers\\WindowsMixedReality\\DotNetAdapter\\NuGet.Config",
        "C:\\Users\\hirom\\AppData\\Roaming\\NuGet\\NuGet.Config",
        "C:\\Program Files (x86)\\NuGet\\Config\\Microsoft.VisualStudio.Offline.config",
        "C:\\Program Files (x86)\\NuGet\\Config\\Xamarin.Offline.config"
      ],
      "originalTargetFrameworks": [
        "netstandard2.0"
      ],
      "sources": {
        "C:\\Program Files (x86)\\Microsoft SDKs\\NuGetPackages\\": {},
        "https://api.nuget.org/v3/index.json": {},
        "https://pkgs.dev.azure.com/UnityDeveloperTools/MSBuildForUnity/_packaging/UnityDeveloperTools/nuget/v3/index.json": {}
      },
      "frameworks": {
        "netstandard2.0": {
          "projectReferences": {}
        }
      },
      "warningProperties": {
        "warnAsError": [
          "NU1605"
        ]
      }
    },
    "frameworks": {
      "netstandard2.0": {
        "dependencies": {
          "MSBuildForUnity": {
            "include": "Runtime, Build, Native, ContentFiles, Analyzers",
            "suppressParent": "All",
            "target": "Package",
            "version": "[0.8.*, )"
          },
          "Microsoft.Windows.MixedReality.DotNetWinRT": {
            "target": "Package",
            "version": "[0.5.*, )"
          },
          "NETStandard.Library": {
            "suppressParent": "All",
            "target": "Package",
            "version": "[2.0.3, )",
            "autoReferenced": true
          }
        },
        "imports": [
          "net461",
          "net462",
          "net47",
          "net471",
          "net472",
          "net48"
        ],
        "assetTargetFallback": true,
        "warn": true,
        "runtimeIdentifierGraphPath": "C:\\Program Files\\dotnet\\sdk\\3.1.100\\RuntimeIdentifierGraph.json"
      }
    }
  }
}