{
  "version": 3,
  "targets": {
    ".NETFramework,Version=v4.6": {
      "Microsoft.Windows.MixedReality.DotNetWinRT/0.5.1037": {
        "type": "package",
        "dependencies": {
          "System.Numerics.Vectors": "4.5.0"
        },
        "compile": {
          "lib/net46/Microsoft.Windows.MixedReality.DotNetWinRT.dll": {}
        },
        "runtime": {
          "lib/net46/Microsoft.Windows.MixedReality.DotNetWinRT.dll": {}
        },
        "build": {
          "build/Microsoft.Windows.MixedReality.DotNetWinRT.targets": {}
        }
      },
      "MSBuildForUnity/0.8.3": {
        "type": "package",
        "build": {
          "build/MSBuildForUnity.props": {},
          "build/MSBuildForUnity.targets": {}
        },
        "buildMultiTargeting": {
          "buildCrossTargeting/MSBuildForUnity.props": {},
          "buildCrossTargeting/MSBuildForUnity.targets": {}
        }
      },
      "System.Numerics.Vectors/4.5.0": {
        "type": "package",
        "frameworkAssemblies": [
          "System.Numerics",
          "mscorlib"
        ],
        "compile": {
          "ref/net46/System.Numerics.Vectors.dll": {}
        },
        "runtime": {
          "lib/net46/System.Numerics.Vectors.dll": {}
        }
      }
    }
  },
  "libraries": {
    "Microsoft.Windows.MixedReality.DotNetWinRT/0.5.1037": {
      "sha512": "+cYG8LVwOwkTNZ4RR1ZlvN2PVNC+CIeCqXHeIbjcrEToJ9Rfz7gY8G4BZKH5/LAiXlKfSSG9w1sGUQPCmgwwbg==",
      "type": "package",
      "path": "microsoft.windows.mixedreality.dotnetwinrt/0.5.1037",
      "files": [
        ".nupkg.metadata",
        ".signature.p7s",
        "LICENSE.txt",
        "Unity/Editor/Microsoft.Windows.MixedReality.DotNetWinRT.Editor.asmdef",
        "Unity/Editor/Microsoft.Windows.MixedReality.DotNetWinRT.Editor.asmdef.meta",
        "Unity/Editor/Microsoft.Windows.MixedReality.DotNetWinRT.Init.cs",
        "Unity/Editor/Microsoft.Windows.MixedReality.DotNetWinRT.Init.cs.meta",
        "Unity/x64/MonoSupport.dll",
        "Unity/x64/MonoSupport.dll.meta",
        "build/Microsoft.Windows.MixedReality.DotNetWinRT.targets",
        "lib/net46/Microsoft.Windows.MixedReality.DotNetWinRT.dll",
        "lib/net46/Microsoft.Windows.MixedReality.DotNetWinRT.xml",
        "lib/netstandard2.0/Microsoft.Windows.MixedReality.DotNetWinRT.dll",
        "lib/netstandard2.0/Microsoft.Windows.MixedReality.DotNetWinRT.xml",
        "lib/uap10.0.18362/Microsoft.Windows.MixedReality.DotNetWinRT.dll",
        "lib/uap10.0.18362/Microsoft.Windows.MixedReality.DotNetWinRT.xml",
        "microsoft.windows.mixedreality.dotnetwinrt.0.5.1037.nupkg.sha512",
        "microsoft.windows.mixedreality.dotnetwinrt.nuspec"
      ]
    },
    "MSBuildForUnity/0.8.3": {
      "sha512": "swyT9VFyqKMUoJhy39UZNRszOAAiN77qDZ7MjTYpTeV0jDJUcVgNtVVdPYRdHmQipAhnF+1P0MjBK1DrT1u7VQ==",
      "type": "package",
      "path": "msbuildforunity/0.8.3",
      "files": [
        ".nupkg.metadata",
        ".signature.p7s",
        "build/MSBuildForUnity.props",
        "build/MSBuildForUnity.targets",
        "buildCommon/MSBuildForUnity.dll",
        "buildCommon/Mono.Cecil.Mdb.dll",
        "buildCommon/Mono.Cecil.Pdb.dll",
        "buildCommon/Mono.Cecil.Rocks.dll",
        "buildCommon/Mono.Cecil.dll",
        "buildCommon/Newtonsoft.Json.dll",
        "buildCommon/Publish.props",
        "buildCommon/Publish.targets",
        "buildCommon/RemapSymbolSources.props",
        "buildCommon/RemapSymbolSources.targets",
        "buildCommon/UnityMetaFileGenerator.props",
        "buildCommon/UnityMetaFileGenerator.targets",
        "buildCrossTargeting/MSBuildForUnity.props",
        "buildCrossTargeting/MSBuildForUnity.targets",
        "msbuildforunity.0.8.3.nupkg.sha512",
        "msbuildforunity.nuspec"
      ]
    },
    "System.Numerics.Vectors/4.5.0": {
      "sha512": "QQTlPTl06J/iiDbJCiepZ4H//BVraReU4O4EoRw1U02H5TLUIT7xn3GnDp9AXPSlJUDyFs4uWjWafNX6WrAojQ==",
      "type": "package",
      "path": "system.numerics.vectors/4.5.0",
      "files": [
        ".nupkg.metadata",
        ".signature.p7s",
        "LICENSE.TXT",
        "THIRD-PARTY-NOTICES.TXT",
        "lib/MonoAndroid10/_._",
        "lib/MonoTouch10/_._",
        "lib/net46/System.Numerics.Vectors.dll",
        "lib/net46/System.Numerics.Vectors.xml",
        "lib/netcoreapp2.0/_._",
        "lib/netstandard1.0/System.Numerics.Vectors.dll",
        "lib/netstandard1.0/System.Numerics.Vectors.xml",
        "lib/netstandard2.0/System.Numerics.Vectors.dll",
        "lib/netstandard2.0/System.Numerics.Vectors.xml",
        "lib/portable-net45+win8+wp8+wpa81/System.Numerics.Vectors.dll",
        "lib/portable-net45+win8+wp8+wpa81/System.Numerics.Vectors.xml",
        "lib/uap10.0.16299/_._",
        "lib/xamarinios10/_._",
        "lib/xamarinmac20/_._",
        "lib/xamarintvos10/_._",
        "lib/xamarinwatchos10/_._",
        "ref/MonoAndroid10/_._",
        "ref/MonoTouch10/_._",
        "ref/net45/System.Numerics.Vectors.dll",
        "ref/net45/System.Numerics.Vectors.xml",
        "ref/net46/System.Numerics.Vectors.dll",
        "ref/net46/System.Numerics.Vectors.xml",
        "ref/netcoreapp2.0/_._",
        "ref/netstandard1.0/System.Numerics.Vectors.dll",
        "ref/netstandard1.0/System.Numerics.Vectors.xml",
        "ref/netstandard2.0/System.Numerics.Vectors.dll",
        "ref/netstandard2.0/System.Numerics.Vectors.xml",
        "ref/uap10.0.16299/_._",
        "ref/xamarinios10/_._",
        "ref/xamarinmac20/_._",
        "ref/xamarintvos10/_._",
        "ref/xamarinwatchos10/_._",
        "system.numerics.vectors.4.5.0.nupkg.sha512",
        "system.numerics.vectors.nuspec",
        "useSharedDesignerContext.txt",
        "version.txt"
      ]
    }
  },
  "projectFileDependencyGroups": {
    ".NETFramework,Version=v4.6": [
      "MSBuildForUnity >= 0.8.*",
      "Microsoft.Windows.MixedReality.DotNetWinRT >= 0.5.*"
    ]
  },
  "packageFolders": {
    "C:\\Users\\hirom\\.nuget\\packages\\": {},
    "C:\\Microsoft\\Xamarin\\NuGet\\": {}
  },
  "project": {
    "version": "1.0.0",
    "restore": {
      "projectUniqueName": "C:\\Users\\hirom\\Desktop\\Git\\MRTK_HKSample\\Assets\\MixedRealityToolkit.Providers\\WindowsMixedReality\\DotNetAdapter\\DotNetAdapter.csproj",
      "projectName": "DotNetAdapter",
      "projectPath": "C:\\Users\\hirom\\Desktop\\Git\\MRTK_HKSample\\Assets\\MixedRealityToolkit.Providers\\WindowsMixedReality\\DotNetAdapter\\DotNetAdapter.csproj",
      "packagesPath": "C:\\Users\\hirom\\.nuget\\packages\\",
      "outputPath": "C:\\Users\\hirom\\Desktop\\Git\\MRTK_HKSample\\Assets\\MixedRealityToolkit.Providers\\WindowsMixedReality\\DotNetAdapter\\.obj\\",
      "projectStyle": "PackageReference",
      "fallbackFolders": [
        "C:\\Microsoft\\Xamarin\\NuGet\\"
      ],
      "configFilePaths": [
        "C:\\Users\\hirom\\Desktop\\Git\\MRTK_HKSample\\Assets\\MixedRealityToolkit.Providers\\WindowsMixedReality\\DotNetAdapter\\NuGet.Config",
        "C:\\Users\\hirom\\AppData\\Roaming\\NuGet\\NuGet.Config",
        "C:\\Program Files (x86)\\NuGet\\Config\\Microsoft.VisualStudio.Offline.config",
        "C:\\Program Files (x86)\\NuGet\\Config\\Xamarin.Offline.config"
      ],
      "originalTargetFrameworks": [
        "net46"
      ],
      "sources": {
        "C:\\Program Files (x86)\\Microsoft SDKs\\NuGetPackages\\": {},
        "https://api.nuget.org/v3/index.json": {},
        "https://pkgs.dev.azure.com/UnityDeveloperTools/MSBuildForUnity/_packaging/UnityDeveloperTools/nuget/v3/index.json": {}
      },
      "frameworks": {
        "net46": {
          "projectReferences": {}
        }
      },
      "warningProperties": {
        "warnAsError": [
          "NU1605"
        ]
      }
    },
    "frameworks": {
      "net46": {
        "dependencies": {
          "MSBuildForUnity": {
            "include": "Runtime, Build, Native, ContentFiles, Analyzers",
            "suppressParent": "All",
            "target": "Package",
            "version": "[0.8.*, )"
          },
          "Microsoft.Windows.MixedReality.DotNetWinRT": {
            "target": "Package",
            "version": "[0.5.*, )"
          }
        },
        "runtimeIdentifierGraphPath": "C:\\Program Files\\dotnet\\sdk\\3.1.100\\RuntimeIdentifierGraph.json"
      }
    }
  }
}